PODS:
  - HockeySDK (4.1.2):
    - HockeySDK/DefaultLib (= 4.1.2)
  - HockeySDK/DefaultLib (4.1.2)
  - LogPush (2.1.0)

DEPENDENCIES:
  - HockeySDK (~> 4.1.2)
  - LogPush

SPEC CHECKSUMS:
  HockeySDK: c7523379550a4305cefc1cdfa7b5f9a5a3538180
  LogPush: f52b33e62a2e1b9198a764ba498b73ef53b362af

PODFILE CHECKSUM: 688223e1f0169f58fdd6167a321d168aed19c044

COCOAPODS: 1.1.1
